# This file is autogenerated, do not edit; changes may be undone by the next 'dep ensure'.


[[projects]]
  digest = "1:573fa46f8d413d4bc3f7cc5e86b2c43cb21559f4fb0a19d9874d228e28fdc07c"
  name = "github.com/PuerkitoBio/goquery"
  packages = ["."]
  pruneopts = "UT"
  revision = "2d2796f41742ece03e8086188fa4db16a3a0b458"
  version = "v1.5.0"

[[projects]]
  digest = "1:66b3310cf22cdc96c35ef84ede4f7b9b370971c4025f394c89a2638729653b11"
  name = "github.com/andybalholm/cascadia"
  packages = ["."]
  pruneopts = "UT"
  revision = "901648c87902174f774fac311d7f176f8647bdaa"
  version = "v1.0.0"

[[projects]]
  branch = "master"
  digest = "1:f9bb4fba309ed75573053608ea00f16c6b5764d2accbad0ce27189b8edcba934"
  name = "github.com/araddon/dateparse"
  packages = ["."]
  pruneopts = "UT"
  revision = "21df004e09ca46e07ce99bbba1e8c2422ba4ecf9"

[[projects]]
  digest = "1:b24d38b282bacf9791408a080f606370efa3d364e4b5fd9ba0f7b87786d3b679"
  name = "github.com/codegangsta/cli"
  packages = ["."]
  pruneopts = "UT"
  revision = "cfb38830724cc34fedffe9a2a29fb54fa9169cd1"
  version = "v1.20.0"

[[projects]]
  digest = "1:5f1d44e13c151d777a80b0d8ca850347530773e73ccce5995a520cdc6947c205"
  name = "github.com/fatih/set"
  packages = ["."]
  pruneopts = "UT"
  revision = "2c768e3c5489976167bfc42b5c7c92ca783f4389"
  version = "v0.2.1"

[[projects]]
  digest = "1:989f95fd2780c77595ed51631ff4c678266d3b5c809d07294d0f684b1739bf31"
  name = "github.com/fzzy/radix"
  packages = ["redis/resp"]
  pruneopts = "UT"
  revision = "031cc11e9800a2626ee2ae629655a922b630a07d"
  version = "v0.5.6"

[[projects]]
  branch = "master"
  digest = "1:131e93e8b8f318c52b1666e5a8f3af7d236af62f5a477a11973e46af59bca7da"
  name = "github.com/gigawattio/window"
  packages = ["."]
  pruneopts = "UT"
  revision = "0f5467e35573c4ffebddd992935e1f7ceeac0696"

[[projects]]
  digest = "1:7b5c6e2eeaa9ae5907c391a91c132abfd5c9e8a784a341b5625e750c67e6825d"
  name = "github.com/gorilla/websocket"
  packages = ["."]
  pruneopts = "UT"
  revision = "66b9c49e59c6c48f0ffce28c2d8b8a5678502c6d"
  version = "v1.4.0"

[[projects]]
  branch = "master"
  digest = "1:309a5c81275fda7e234a6601cfbfea00b68e881d981d6c3229d562d9a67bde07"
  name = "github.com/ikawaha/kagome"
  packages = [
    "internal/da",
    "internal/dic",
    "internal/dic/data",
    "internal/lattice",
    "tokenizer",
  ]
  pruneopts = "UT"
  revision = "9e66de1ea90c06f4af87a2ee953dac406d72f09b"

[[projects]]
  branch = "master"
  digest = "1:8bacc2118e6cc6a207eb144656537ff7ee0397f8bc8c1f7639519b0de2bb949a"
  name = "github.com/jaytaylor/html2text"
  packages = ["."]
  pruneopts = "UT"
  revision = "57d518f124b0cf46ea2021f25a01396b3522e6fb"

[[projects]]
  branch = "master"
  digest = "1:7d34b04ad5f5a88ab5f8437f084a8a7f505cd897931bd170c644ffd7c2d052cb"
  name = "github.com/jdkato/prose"
  packages = [
    "internal/model",
    "internal/util",
    "tag",
    "tokenize",
  ]
  pruneopts = "UT"
  revision = "a179b97cfa6fc3949fe1bcd21e01011bc17f4c2f"

[[projects]]
  digest = "1:6c41d4f998a03b6604227ccad36edaed6126c397e5d78709ef4814a1145a6757"
  name = "github.com/jmoiron/sqlx"
  packages = [
    ".",
    "reflectx",
  ]
  pruneopts = "UT"
  revision = "d161d7a76b5661016ad0b085869f77fd410f3e6a"
  version = "v1.2.0"

[[projects]]
  branch = "master"
  digest = "1:7cefc4f7f6a411c2598d3344563e4d23fd4e4d88fd1591831fe39cccff41ad28"
  name = "github.com/lib/pq"
  packages = [
    ".",
    "oid",
  ]
  pruneopts = "UT"
  revision = "9eb73efc1fcc404148b56765b0d3f61d9a5ef8ee"

[[projects]]
  digest = "1:0ae19862f4b212e1898917d37cfdd24f6676718f0dfb120665f450a83c2f1870"
  name = "github.com/mackerelio/mackerel-client-go"
  packages = ["."]
  pruneopts = "UT"
  revision = "912c32b782f6d11b136b98f69672f4a97f8f0178"
  version = "v0.0.2"

[[projects]]
  digest = "1:0981502f9816113c9c8c4ac301583841855c8cf4da8c72f696b3ebedf6d0e4e5"
  name = "github.com/mattn/go-isatty"
  packages = ["."]
  pruneopts = "UT"
  revision = "6ca4dbf54d38eea1a992b3c722a76a5d1c4cb25c"
  version = "v0.0.4"

[[projects]]
  digest = "1:0356f3312c9bd1cbeda81505b7fd437501d8e778ab66998ef69f00d7f9b3a0d7"
  name = "github.com/mattn/go-runewidth"
  packages = ["."]
  pruneopts = "UT"
  revision = "3ee7d812e62a0804a7d0a324e0249ca2db3476d3"
  version = "v0.0.4"

[[projects]]
  branch = "master"
  digest = "1:11bcfda807929a34ceb3738c9b0145358d1c58ed00acecb25b27fe432b404135"
  name = "github.com/mattn/go-tty"
  packages = ["."]
  pruneopts = "UT"
  revision = "e4f871175a2f903ed2e6353334fdccb507c1d09e"

[[projects]]
  digest = "1:246ab598a22ea9d50f46e65f655f78161a19822f6597268b02f04af998684807"
  name = "github.com/montanaflynn/stats"
  packages = ["."]
  pruneopts = "UT"
  revision = "1bf9dbcd8cbe1fdb75add3785b1d4a9a646269ab"
  version = "0.3.0"

[[projects]]
  digest = "1:95d38d218bf2290987c6b0e885a9f0f2d3d3239235acaddca01c3fe36e5e5566"
  name = "github.com/nlopes/slack"
  packages = [
    ".",
    "slackutilsx",
  ]
  pruneopts = "UT"
  revision = "b9033a72a20bf84563485e86a2adbea4bf265804"
  version = "v0.4.0"

[[projects]]
  digest = "1:abcdbf03ca6ca13d3697e2186edc1f33863bbdac2b3a44dfa39015e8903f7409"
  name = "github.com/olekukonko/tablewriter"
  packages = ["."]
  pruneopts = "UT"
  revision = "e6d60cf7ba1f42d86d54cdf5508611c4aafb3970"
  version = "v0.0.1"

[[projects]]
  branch = "master"
  digest = "1:635ac9478e783f09b2945663e359ebf74bc225b37f9845795d1b247285b458a2"
  name = "github.com/pkg/browser"
  packages = ["."]
  pruneopts = "UT"
  revision = "0a3d74bf9ce488f035cf5bc36f753a711bc74334"

[[projects]]
  digest = "1:cf31692c14422fa27c83a05292eb5cbe0fb2775972e8f1f8446a71549bd8980b"
  name = "github.com/pkg/errors"
  packages = ["."]
  pruneopts = "UT"
  revision = "ba968bfe8b2f7e042a574c888954fccecfa385b4"
  version = "v0.8.1"

[[projects]]
  branch = "master"
  digest = "1:3b1701815d188c58243a63f43c807cd5bb7b7b7da167c183538d8f75d7a2e20d"
  name = "github.com/shogo82148/go-shuffle"
  packages = ["."]
  pruneopts = "UT"
  revision = "27e6095f230d6c769aafa7232db643a628bd87ad"

[[projects]]
  branch = "master"
  digest = "1:362b269942e8508aed33025593090ad4cdbd9077de4b1cd505e6124728e9e856"
  name = "github.com/ssor/bom"
  packages = ["."]
  pruneopts = "UT"
  revision = "6386211fdfcf24c0bfbdaceafd02849ed9a8a509"

[[projects]]
  branch = "master"
  digest = "1:7c257a930be3a60001196345b679565a03049af62203c14992f593bddf97a9bb"
  name = "github.com/syou6162/GoOse"
  packages = ["."]
  pruneopts = "UT"
  revision = "5c4af218adfcb42cc31bcd2169d68dc1f3c31bb9"

[[projects]]
  branch = "master"
  digest = "1:5193d913046443e59093d66a97a40c51f4a5ea4ceba60f3b3ecf89694de5d16f"
  name = "golang.org/x/net"
  packages = [
    "html",
    "html/atom",
    "html/charset",
  ]
  pruneopts = "UT"
  revision = "45ffb0cd1ba084b73e26dee67e667e1be5acce83"

[[projects]]
  branch = "master"
  digest = "1:f106a08663d0031b576f61ab81ffd80124da17096eab36aceb25b1b0d847da9a"
  name = "golang.org/x/sys"
  packages = ["unix"]
  pruneopts = "UT"
  revision = "7fbe1cd0fcc20051e1fcb87fbabec4a1bacaaeba"

[[projects]]
  digest = "1:aa4d6967a3237f8367b6bf91503964a77183ecf696f1273e8ad3551bb4412b5f"
  name = "golang.org/x/text"
  packages = [
    "encoding",
    "encoding/charmap",
    "encoding/htmlindex",
    "encoding/internal",
    "encoding/internal/identifier",
    "encoding/japanese",
    "encoding/korean",
    "encoding/simplifiedchinese",
    "encoding/traditionalchinese",
    "encoding/unicode",
    "internal/gen",
    "internal/tag",
    "internal/utf8internal",
    "language",
    "runes",
    "transform",
    "unicode/cldr",
  ]
  pruneopts = "UT"
  revision = "f21a4dfb5e38f5895301dc265a8def02365cc3d0"
  version = "v0.3.0"

[[projects]]
  digest = "1:85b60f4403e2aae0eee2ac2ba50e4124dea766b582c6ec0d94fb1335d9c0d16e"
  name = "gopkg.in/neurosnap/sentences.v1"
  packages = [
    ".",
    "data",
  ]
  pruneopts = "UT"
  revision = "a7f18ead1433a139742a8b42ce7a059cfb484d60"
  version = "v1.0.6"

[solve-meta]
  analyzer-name = "dep"
  analyzer-version = 1
  input-imports = [
    "github.com/PuerkitoBio/goquery",
    "github.com/codegangsta/cli",
    "github.com/fzzy/radix/redis/resp",
    "github.com/ikawaha/kagome/tokenizer",
    "github.com/jdkato/prose/tag",
    "github.com/jdkato/prose/tokenize",
    "github.com/jmoiron/sqlx",
    "github.com/lib/pq",
    "github.com/mackerelio/mackerel-client-go",
    "github.com/mattn/go-tty",
    "github.com/nlopes/slack",
    "github.com/pkg/browser",
    "github.com/pkg/errors",
    "github.com/syou6162/GoOse",
  ]
  solver-name = "gps-cdcl"
  solver-version = 1
